<?xml version="1.0" encoding="utf-8"?>
<Project ToolsVersion="4.0" xmlns="http://schemas.microsoft.com/developer/msbuild/2003">
  <ItemGroup>
    <Filter Include="Source Files">
      <UniqueIdentifier>{8d79ed8a-fb5e-4f16-a2c9-45d49e0bbd1e}</UniqueIdentifier>
      <Extensions>cpp;c;cxx;rc;def;r;odl;idl;hpj;bat</Extensions>
    </Filter>
    <Filter Include="Header Files">
      <UniqueIdentifier>{bc92af91-74f7-4555-8c04-0cb02934fde8}</UniqueIdentifier>
      <Extensions>h;hpp;hxx;hm;inl</Extensions>
    </Filter>
    <Filter Include="Resource Files">
      <UniqueIdentifier>{ee49599f-9028-40e4-abb4-9e282bd0aebe}</UniqueIdentifier>
      <Extensions>ico;cur;bmp;dlg;rc2;rct;bin;rgs;gif;jpg;jpeg;jpe</Extensions>
    </Filter>
    <Filter Include="Help Files">
      <UniqueIdentifier>{6df7c6cb-c889-422a-aa2a-6f6b256f29ce}</UniqueIdentifier>
      <Extensions>cnt;rtf</Extensions>
    </Filter>
  </ItemGroup>
  <ItemGroup>
    <ClCompile Include="AnisoRBFfilterSurfaceFunction.cpp">
      <Filter>Source Files</Filter>
    </ClCompile>
    <ClCompile Include="AnisoRBFmeshless.cpp">
      <Filter>Source Files</Filter>
    </ClCompile>
    <ClCompile Include="Bilateral_Filter.cpp">
      <Filter>Source Files</Filter>
    </ClCompile>
    <ClCompile Include="BilateralFilter.cpp">
      <Filter>Source Files</Filter>
    </ClCompile>
    <ClCompile Include="CIsoSurface.cpp">
      <Filter>Source Files</Filter>
    </ClCompile>
    <ClCompile Include="DialogIntepolate.cpp">
      <Filter>Source Files</Filter>
    </ClCompile>
    <ClCompile Include="mathlib\eigen_symm.cpp">
      <Filter>Source Files</Filter>
    </ClCompile>
    <ClCompile Include="FilterBilateral.cpp">
      <Filter>Source Files</Filter>
    </ClCompile>
    <ClCompile Include="FilterBilateral1.cpp">
      <Filter>Source Files</Filter>
    </ClCompile>
    <ClCompile Include="FormCommandView.cpp">
      <Filter>Source Files</Filter>
    </ClCompile>
    <ClCompile Include="GenerateNoise.cpp">
      <Filter>Source Files</Filter>
    </ClCompile>
    <ClCompile Include="MainFrm.cpp">
      <Filter>Source Files</Filter>
    </ClCompile>
    <ClCompile Include="mathlib\math_util.cpp">
      <Filter>Source Files</Filter>
    </ClCompile>
    <ClCompile Include="Matrix.cpp">
      <Filter>Source Files</Filter>
    </ClCompile>
    <ClCompile Include="mathlib\matrix_inverse.cpp">
      <Filter>Source Files</Filter>
    </ClCompile>
    <ClCompile Include="Mcube.cpp">
      <Filter>Source Files</Filter>
    </ClCompile>
    <ClCompile Include="McubeDoc.cpp">
      <Filter>Source Files</Filter>
    </ClCompile>
    <ClCompile Include="McubeView.cpp">
      <Filter>Source Files</Filter>
    </ClCompile>
    <ClCompile Include="mesh.cpp">
      <Filter>Source Files</Filter>
    </ClCompile>
    <ClCompile Include="MeshlessFilter.cpp">
      <Filter>Source Files</Filter>
    </ClCompile>
    <ClCompile Include="MLSfilter.cpp">
      <Filter>Source Files</Filter>
    </ClCompile>
    <ClCompile Include="NonShiftBilateralFilter.cpp">
      <Filter>Source Files</Filter>
    </ClCompile>
    <ClCompile Include="NormalStruct.cpp">
      <Filter>Source Files</Filter>
    </ClCompile>
    <ClCompile Include="OneFreedomMeshless.cpp">
      <Filter>Source Files</Filter>
    </ClCompile>
    <ClCompile Include="RBFmeshless.cpp">
      <Filter>Source Files</Filter>
    </ClCompile>
    <ClCompile Include="StdAfx.cpp">
      <Filter>Source Files</Filter>
    </ClCompile>
    <ClCompile Include="utils.cpp">
      <Filter>Source Files</Filter>
    </ClCompile>
    <ClCompile Include="Vectors.cpp">
      <Filter>Source Files</Filter>
    </ClCompile>
  </ItemGroup>
  <ItemGroup>
    <ResourceCompile Include="Mcube.rc">
      <Filter>Source Files</Filter>
    </ResourceCompile>
  </ItemGroup>
  <ItemGroup>
    <ClInclude Include="AnisoRBFfilterSurfaceFunction.h">
      <Filter>Header Files</Filter>
    </ClInclude>
    <ClInclude Include="AnisoRBFmeshless.h">
      <Filter>Header Files</Filter>
    </ClInclude>
    <ClInclude Include="Bilateral_Filter.h">
      <Filter>Header Files</Filter>
    </ClInclude>
    <ClInclude Include="BilateralFilter.h">
      <Filter>Header Files</Filter>
    </ClInclude>
    <ClInclude Include="CIsoSurface.h">
      <Filter>Header Files</Filter>
    </ClInclude>
    <ClInclude Include="DialogIntepolate.h">
      <Filter>Header Files</Filter>
    </ClInclude>
    <ClInclude Include="mathlib\eigen_symm.h">
      <Filter>Header Files</Filter>
    </ClInclude>
    <ClInclude Include="FilterBilateral.h">
      <Filter>Header Files</Filter>
    </ClInclude>
    <ClInclude Include="FilterBilateral1.h">
      <Filter>Header Files</Filter>
    </ClInclude>
    <ClInclude Include="FormCommandView.h">
      <Filter>Header Files</Filter>
    </ClInclude>
    <ClInclude Include="GenerateNoise.h">
      <Filter>Header Files</Filter>
    </ClInclude>
    <ClInclude Include="mathlib\helper.h">
      <Filter>Header Files</Filter>
    </ClInclude>
    <ClInclude Include="MainFrm.h">
      <Filter>Header Files</Filter>
    </ClInclude>
    <ClInclude Include="mathlib\math_type.h">
      <Filter>Header Files</Filter>
    </ClInclude>
    <ClInclude Include="mathlib\math_util.h">
      <Filter>Header Files</Filter>
    </ClInclude>
    <ClInclude Include="mathlib\mathlib.h">
      <Filter>Header Files</Filter>
    </ClInclude>
    <ClInclude Include="Matrix.h">
      <Filter>Header Files</Filter>
    </ClInclude>
    <ClInclude Include="mathlib\matrix.h">
      <Filter>Header Files</Filter>
    </ClInclude>
    <ClInclude Include="mathlib\matrix_inverse.h">
      <Filter>Header Files</Filter>
    </ClInclude>
    <ClInclude Include="Mcube.h">
      <Filter>Header Files</Filter>
    </ClInclude>
    <ClInclude Include="McubeDoc.h">
      <Filter>Header Files</Filter>
    </ClInclude>
    <ClInclude Include="McubeView.h">
      <Filter>Header Files</Filter>
    </ClInclude>
    <ClInclude Include="mesh.h">
      <Filter>Header Files</Filter>
    </ClInclude>
    <ClInclude Include="MeshlessFilter.h">
      <Filter>Header Files</Filter>
    </ClInclude>
    <ClInclude Include="MLSfilter.h">
      <Filter>Header Files</Filter>
    </ClInclude>
    <ClInclude Include="NonShiftBilateralFilter.h">
      <Filter>Header Files</Filter>
    </ClInclude>
    <ClInclude Include="NormalStruct.h">
      <Filter>Header Files</Filter>
    </ClInclude>
    <ClInclude Include="OneFreedomMeshless.h">
      <Filter>Header Files</Filter>
    </ClInclude>
    <ClInclude Include="RBFmeshless.h">
      <Filter>Header Files</Filter>
    </ClInclude>
    <ClInclude Include="StdAfx.h">
      <Filter>Header Files</Filter>
    </ClInclude>
    <ClInclude Include="utils.h">
      <Filter>Header Files</Filter>
    </ClInclude>
    <ClInclude Include="mathlib\vector.h">
      <Filter>Header Files</Filter>
    </ClInclude>
    <ClInclude Include="Vectors.h">
      <Filter>Header Files</Filter>
    </ClInclude>
  </ItemGroup>
  <ItemGroup>
    <None Include="res\Mcube.ico">
      <Filter>Resource Files</Filter>
    </None>
    <None Include="res\Mcube.rc2">
      <Filter>Resource Files</Filter>
    </None>
    <None Include="res\McubeDoc.ico">
      <Filter>Resource Files</Filter>
    </None>
    <None Include="res\Toolbar.bmp">
      <Filter>Resource Files</Filter>
    </None>
    <None Include="hlp\AfxCore.rtf">
      <Filter>Help Files</Filter>
    </None>
    <None Include="hlp\AfxPrint.rtf">
      <Filter>Help Files</Filter>
    </None>
    <None Include="hlp\AppExit.bmp">
      <Filter>Help Files</Filter>
    </None>
    <None Include="hlp\Bullet.bmp">
      <Filter>Help Files</Filter>
    </None>
    <None Include="hlp\CurArw2.bmp">
      <Filter>Help Files</Filter>
    </None>
    <None Include="hlp\CurArw4.bmp">
      <Filter>Help Files</Filter>
    </None>
    <None Include="hlp\CurHelp.bmp">
      <Filter>Help Files</Filter>
    </None>
    <None Include="hlp\EditCopy.bmp">
      <Filter>Help Files</Filter>
    </None>
    <None Include="hlp\EditCut.bmp">
      <Filter>Help Files</Filter>
    </None>
    <None Include="hlp\EditPast.bmp">
      <Filter>Help Files</Filter>
    </None>
    <None Include="hlp\EditUndo.bmp">
      <Filter>Help Files</Filter>
    </None>
    <None Include="hlp\FileNew.bmp">
      <Filter>Help Files</Filter>
    </None>
    <None Include="hlp\FileOpen.bmp">
      <Filter>Help Files</Filter>
    </None>
    <None Include="hlp\FilePrnt.bmp">
      <Filter>Help Files</Filter>
    </None>
    <None Include="hlp\FileSave.bmp">
      <Filter>Help Files</Filter>
    </None>
    <None Include="hlp\HlpSBar.bmp">
      <Filter>Help Files</Filter>
    </None>
    <None Include="hlp\HlpTBar.bmp">
      <Filter>Help Files</Filter>
    </None>
    <None Include="hlp\RecFirst.bmp">
      <Filter>Help Files</Filter>
    </None>
    <None Include="hlp\RecLast.bmp">
      <Filter>Help Files</Filter>
    </None>
    <None Include="hlp\RecNext.bmp">
      <Filter>Help Files</Filter>
    </None>
    <None Include="hlp\RecPrev.bmp">
      <Filter>Help Files</Filter>
    </None>
    <None Include="hlp\Scmax.bmp">
      <Filter>Help Files</Filter>
    </None>
    <None Include="hlp\ScMenu.bmp">
      <Filter>Help Files</Filter>
    </None>
    <None Include="hlp\Scmin.bmp">
      <Filter>Help Files</Filter>
    </None>
  </ItemGroup>
  <ItemGroup>
    <CustomBuild Include="Resource.h">
      <Filter>Header Files</Filter>
    </CustomBuild>
    <CustomBuild Include="hlp\Mcube.cnt">
      <Filter>Help Files</Filter>
    </CustomBuild>
  </ItemGroup>
</Project>